Microsoft Visual Studio Solution File, Format Version 12.00
# Visual Studio Version 17
VisualStudioVersion = 17.5.2.0
MinimumVisualStudioVersion = 10.0.40219.1
Project("{FAE04EC0-301F-11D3-BF4B-00C04F79EFBC}") = "Case", "Case.csproj", "{46E8072B-4D7C-B600-9679-E6CD9F86CB93}"
EndProject
Global
	GlobalSection(SolutionConfigurationPlatforms) = preSolution
		Debug|Any CPU = Debug|Any CPU
		Release|Any CPU = Release|Any CPU
	EndGlobalSection
	GlobalSection(ProjectConfigurationPlatforms) = postSolution
		{46E8072B-4D7C-B600-9679-E6CD9F86CB93}.Debug|Any CPU.ActiveCfg = Debug|Any CPU
		{46E8072B-4D7C-B600-9679-E6CD9F86CB93}.Debug|Any CPU.Build.0 = Debug|Any CPU
		{46E8072B-4D7C-B600-9679-E6CD9F86CB93}.Release|Any CPU.ActiveCfg = Release|Any CPU
		{46E8072B-4D7C-B600-9679-E6CD9F86CB93}.Release|Any CPU.Build.0 = Release|Any CPU
	EndGlobalSection
	GlobalSection(SolutionProperties) = preSolution
		HideSolutionNode = FALSE
	EndGlobalSection
	GlobalSection(ExtensibilityGlobals) = postSolution
		SolutionGuid = {C0713683-A4D3-49DE-8D27-ABE8ECDEA293}
	EndGlobalSection
EndGlobal
